<?xml version="1.0" encoding="utf-8"?>
<Project ToolsVersion="4.0" xmlns="http://schemas.microsoft.com/developer/msbuild/2003">
  <ItemGroup>
    <FxCompile Include="Resources\shaders\ObjPS.hlsl">
      <Filter>シェーダーファイル</Filter>
    </FxCompile>
    <FxCompile Include="Resources\shaders\ObjVS.hlsl">
      <Filter>シェーダーファイル</Filter>
    </FxCompile>
    <FxCompile Include="Resources\shaders\PrimitivePS.hlsl">
      <Filter>シェーダーファイル</Filter>
    </FxCompile>
    <FxCompile Include="Resources\shaders\PrimitiveVS.hlsl">
      <Filter>シェーダーファイル</Filter>
    </FxCompile>
    <FxCompile Include="Resources\shaders\ShapePS.hlsl">
      <Filter>シェーダーファイル</Filter>
    </FxCompile>
    <FxCompile Include="Resources\shaders\ShapeVS.hlsl">
      <Filter>シェーダーファイル</Filter>
    </FxCompile>
    <FxCompile Include="Resources\shaders\SpritePS.hlsl">
      <Filter>シェーダーファイル</Filter>
    </FxCompile>
    <FxCompile Include="Resources\shaders\SpriteVS.hlsl">
      <Filter>シェーダーファイル</Filter>
    </FxCompile>
  </ItemGroup>
  <ItemGroup>
    <ClCompile Include="3d\WorldTransform.cpp" />
    <ClCompile Include="base\DirectXCommon.cpp" />
    <ClCompile Include="base\TextureManager.cpp" />
    <ClCompile Include="base\WinApp.cpp" />
    <ClCompile Include="Camera\RailCamera.cpp" />
    <ClCompile Include="Gimmick\Gimmick.cpp" />
    <ClCompile Include="main.cpp" />
    <ClCompile Include="math\MyMathUtility.cpp" />
    <ClCompile Include="memo.cpp" />
    <ClCompile Include="Player\Player.cpp" />
    <ClCompile Include="scene\GameScene.cpp" />
    <ClCompile Include="Skydome\Skydome.cpp" />
    <ClCompile Include="Stage.cpp" />
    <ClCompile Include="Gimmick\WaterFlow.cpp" />
  </ItemGroup>
  <ItemGroup>
    <ClInclude Include="audio\Audio.h">
      <Filter>ヘッダーファイル</Filter>
    </ClInclude>
    <ClInclude Include="3d\AxisIndicator.h">
      <Filter>ヘッダーファイル</Filter>
    </ClInclude>
    <ClInclude Include="3d\CircleShadow.h">
      <Filter>ヘッダーファイル</Filter>
    </ClInclude>
    <ClInclude Include="3d\DebugCamera.h">
      <Filter>ヘッダーファイル</Filter>
    </ClInclude>
    <ClInclude Include="2d\DebugText.h">
      <Filter>ヘッダーファイル</Filter>
    </ClInclude>
    <ClInclude Include="3d\DirectionalLight.h">
      <Filter>ヘッダーファイル</Filter>
    </ClInclude>
    <ClInclude Include="base\DirectXCommon.h">
      <Filter>ヘッダーファイル</Filter>
    </ClInclude>
    <ClInclude Include="scene\GameScene.h">
      <Filter>ヘッダーファイル</Filter>
    </ClInclude>
    <ClInclude Include="Gimmick\Gimmick.h">
      <Filter>ヘッダーファイル</Filter>
    </ClInclude>
    <ClInclude Include="Camera\GlobalScene.h">
      <Filter>ヘッダーファイル</Filter>
    </ClInclude>
    <ClInclude Include="input\Input.h">
      <Filter>ヘッダーファイル</Filter>
    </ClInclude>
    <ClInclude Include="3d\LightGroup.h">
      <Filter>ヘッダーファイル</Filter>
    </ClInclude>
    <ClInclude Include="3d\Material.h">
      <Filter>ヘッダーファイル</Filter>
    </ClInclude>
    <ClInclude Include="math\MathUtility.h">
      <Filter>ヘッダーファイル</Filter>
    </ClInclude>
    <ClInclude Include="math\Matrix4.h">
      <Filter>ヘッダーファイル</Filter>
    </ClInclude>
    <ClInclude Include="3d\Mesh.h">
      <Filter>ヘッダーファイル</Filter>
    </ClInclude>
    <ClInclude Include="3d\Model.h">
      <Filter>ヘッダーファイル</Filter>
    </ClInclude>
    <ClInclude Include="math\MyMathUtility.h">
      <Filter>ヘッダーファイル</Filter>
    </ClInclude>
    <ClInclude Include="Player\Player.h">
      <Filter>ヘッダーファイル</Filter>
    </ClInclude>
    <ClInclude Include="3d\PointLight.h">
      <Filter>ヘッダーファイル</Filter>
    </ClInclude>
    <ClInclude Include="3d\PrimitiveDrawer.h">
      <Filter>ヘッダーファイル</Filter>
    </ClInclude>
    <ClInclude Include="base\SafeDelete.h">
      <Filter>ヘッダーファイル</Filter>
    </ClInclude>
    <ClInclude Include="Camera\RailCamera.h">
      <Filter>ヘッダーファイル</Filter>
    </ClInclude>
    <ClInclude Include="Skydome\Skydome.h">
      <Filter>ヘッダーファイル</Filter>
    </ClInclude>
    <ClInclude Include="3d\SpotLight.h">
      <Filter>ヘッダーファイル</Filter>
    </ClInclude>
    <ClInclude Include="2d\Sprite.h">
      <Filter>ヘッダーファイル</Filter>
    </ClInclude>
    <ClInclude Include="Stage.h">
      <Filter>ヘッダーファイル</Filter>
    </ClInclude>
    <ClInclude Include="base\TextureManager.h">
      <Filter>ヘッダーファイル</Filter>
    </ClInclude>
    <ClInclude Include="math\Vector2.h">
      <Filter>ヘッダーファイル</Filter>
    </ClInclude>
    <ClInclude Include="math\Vector3.h">
      <Filter>ヘッダーファイル</Filter>
    </ClInclude>
    <ClInclude Include="math\Vector4.h">
      <Filter>ヘッダーファイル</Filter>
    </ClInclude>
    <ClInclude Include="3d\ViewProjection.h">
      <Filter>ヘッダーファイル</Filter>
    </ClInclude>
    <ClInclude Include="base\WinApp.h">
      <Filter>ヘッダーファイル</Filter>
    </ClInclude>
    <ClInclude Include="3d\WorldTransform.h">
      <Filter>ヘッダーファイル</Filter>
    </ClInclude>
    <ClInclude Include="Gimmick\WaterFrow.h">
      <Filter>ヘッダーファイル</Filter>
    </ClInclude>
  </ItemGroup>
  <ItemGroup>
    <None Include="Resources\shaders\Obj.hlsli">
      <Filter>ヘッダーファイル</Filter>
    </None>
    <None Include="Resources\shaders\Primitive.hlsli">
      <Filter>シェーダーファイル</Filter>
    </None>
    <None Include="Resources\shaders\Shape.hlsli">
      <Filter>シェーダーファイル</Filter>
    </None>
    <None Include="Resources\shaders\Sprite.hlsli">
      <Filter>シェーダーファイル</Filter>
    </None>
  </ItemGroup>
  <ItemGroup>
    <Filter Include="シェーダーファイル">
      <UniqueIdentifier>{9454441b-a15c-43c0-8e7a-6ecef2c424a9}</UniqueIdentifier>
    </Filter>
    <Filter Include="ヘッダーファイル">
      <UniqueIdentifier>{3afdecf5-49ea-481f-8c76-a33321f54137}</UniqueIdentifier>
    </Filter>
  </ItemGroup>
</Project>